
Microsoft Visual Studio Solution File, Format Version 12.00
# Visual Studio Version 16
VisualStudioVersion = 16.0.30907.101
MinimumVisualStudioVersion = 10.0.40219.1
Project("{FAE04EC0-301F-11D3-BF4B-00C04F79EFBC}") = "ClassMetotDemo", "ClassMetotDemo\ClassMetotDemo.csproj", "{93C43168-B357-42FA-AD0A-0A7AFEBBE0E7}"
EndProject
Global
	GlobalSection(SolutionConfigurationPlatforms) = preSolution
		Debug|Any CPU = Debug|Any CPU
		Release|Any CPU = Release|Any CPU
	EndGlobalSection
	GlobalSection(ProjectConfigurationPlatforms) = postSolution
		{93C43168-B357-42FA-AD0A-0A7AFEBBE0E7}.Debug|Any CPU.ActiveCfg = Debug|Any CPU
		{93C43168-B357-42FA-AD0A-0A7AFEBBE0E7}.Debug|Any CPU.Build.0 = Debug|Any CPU
		{93C43168-B357-42FA-AD0A-0A7AFEBBE0E7}.Release|Any CPU.ActiveCfg = Release|Any CPU
		{93C43168-B357-42FA-AD0A-0A7AFEBBE0E7}.Release|Any CPU.Build.0 = Release|Any CPU
	EndGlobalSection
	GlobalSection(SolutionProperties) = preSolution
		HideSolutionNode = FALSE
	EndGlobalSection
	GlobalSection(ExtensibilityGlobals) = postSolution
		SolutionGuid = {2DDBB314-A4BF-4F2F-B670-C89FE83D0818}
	EndGlobalSection
EndGlobal
